
Microsoft Visual Studio Solution File, Format Version 11.00
# Visual Studio 2010
Project("{2150E333-8FDC-42A3-9474-1A3956D46DE8}") = "Solution Items", "Solution Items", "{61E2C3FA-FE33-40C6-88FF-B7453F707935}"
	ProjectSection(SolutionItems) = preProject
		LICENSE = LICENSE
		README.md = README.md
	EndProjectSection
EndProject
Project("{FAE04EC0-301F-11D3-BF4B-00C04F79EFBC}") = "FSWActions.ConsoleApplication", "FSWActions.ConsoleApplication\FSWActions.ConsoleApplication.csproj", "{CE579EC8-40A7-4DC8-9F79-1D13EF50517B}"
EndProject
Project("{FAE04EC0-301F-11D3-BF4B-00C04F79EFBC}") = "FSWActions.WindowsService", "FSWActions.WindowsService\FSWActions.WindowsService.csproj", "{4EA6E402-E559-4079-AFBB-0D3DB3EFF5EC}"
EndProject
Project("{FAE04EC0-301F-11D3-BF4B-00C04F79EFBC}") = "FSWActions.Core", "FSWActions.Core\FSWActions.Core.csproj", "{ED69DD82-BE9F-4F43-A3DA-5E9164623D0F}"
EndProject
Global
	GlobalSection(SolutionConfigurationPlatforms) = preSolution
		Debug|Any CPU = Debug|Any CPU
		Debug|Mixed Platforms = Debug|Mixed Platforms
		Debug|x86 = Debug|x86
		Release|Any CPU = Release|Any CPU
		Release|Mixed Platforms = Release|Mixed Platforms
		Release|x86 = Release|x86
	EndGlobalSection
	GlobalSection(ProjectConfigurationPlatforms) = postSolution
		{CE579EC8-40A7-4DC8-9F79-1D13EF50517B}.Debug|Any CPU.ActiveCfg = Debug|x86
		{CE579EC8-40A7-4DC8-9F79-1D13EF50517B}.Debug|Mixed Platforms.ActiveCfg = Debug|x86
		{CE579EC8-40A7-4DC8-9F79-1D13EF50517B}.Debug|Mixed Platforms.Build.0 = Debug|x86
		{CE579EC8-40A7-4DC8-9F79-1D13EF50517B}.Debug|x86.ActiveCfg = Debug|x86
		{CE579EC8-40A7-4DC8-9F79-1D13EF50517B}.Debug|x86.Build.0 = Debug|x86
		{CE579EC8-40A7-4DC8-9F79-1D13EF50517B}.Release|Any CPU.ActiveCfg = Release|x86
		{CE579EC8-40A7-4DC8-9F79-1D13EF50517B}.Release|Mixed Platforms.ActiveCfg = Release|x86
		{CE579EC8-40A7-4DC8-9F79-1D13EF50517B}.Release|Mixed Platforms.Build.0 = Release|x86
		{CE579EC8-40A7-4DC8-9F79-1D13EF50517B}.Release|x86.ActiveCfg = Release|x86
		{CE579EC8-40A7-4DC8-9F79-1D13EF50517B}.Release|x86.Build.0 = Release|x86
		{4EA6E402-E559-4079-AFBB-0D3DB3EFF5EC}.Debug|Any CPU.ActiveCfg = Debug|x86
		{4EA6E402-E559-4079-AFBB-0D3DB3EFF5EC}.Debug|Mixed Platforms.ActiveCfg = Debug|x86
		{4EA6E402-E559-4079-AFBB-0D3DB3EFF5EC}.Debug|Mixed Platforms.Build.0 = Debug|x86
		{4EA6E402-E559-4079-AFBB-0D3DB3EFF5EC}.Debug|x86.ActiveCfg = Debug|x86
		{4EA6E402-E559-4079-AFBB-0D3DB3EFF5EC}.Debug|x86.Build.0 = Debug|x86
		{4EA6E402-E559-4079-AFBB-0D3DB3EFF5EC}.Release|Any CPU.ActiveCfg = Release|x86
		{4EA6E402-E559-4079-AFBB-0D3DB3EFF5EC}.Release|Mixed Platforms.ActiveCfg = Release|x86
		{4EA6E402-E559-4079-AFBB-0D3DB3EFF5EC}.Release|Mixed Platforms.Build.0 = Release|x86
		{4EA6E402-E559-4079-AFBB-0D3DB3EFF5EC}.Release|x86.ActiveCfg = Release|x86
		{4EA6E402-E559-4079-AFBB-0D3DB3EFF5EC}.Release|x86.Build.0 = Release|x86
		{ED69DD82-BE9F-4F43-A3DA-5E9164623D0F}.Debug|Any CPU.ActiveCfg = Debug|Any CPU
		{ED69DD82-BE9F-4F43-A3DA-5E9164623D0F}.Debug|Any CPU.Build.0 = Debug|Any CPU
		{ED69DD82-BE9F-4F43-A3DA-5E9164623D0F}.Debug|Mixed Platforms.ActiveCfg = Debug|Any CPU
		{ED69DD82-BE9F-4F43-A3DA-5E9164623D0F}.Debug|Mixed Platforms.Build.0 = Debug|Any CPU
		{ED69DD82-BE9F-4F43-A3DA-5E9164623D0F}.Debug|x86.ActiveCfg = Debug|Any CPU
		{ED69DD82-BE9F-4F43-A3DA-5E9164623D0F}.Release|Any CPU.ActiveCfg = Release|Any CPU
		{ED69DD82-BE9F-4F43-A3DA-5E9164623D0F}.Release|Any CPU.Build.0 = Release|Any CPU
		{ED69DD82-BE9F-4F43-A3DA-5E9164623D0F}.Release|Mixed Platforms.ActiveCfg = Release|Any CPU
		{ED69DD82-BE9F-4F43-A3DA-5E9164623D0F}.Release|Mixed Platforms.Build.0 = Release|Any CPU
		{ED69DD82-BE9F-4F43-A3DA-5E9164623D0F}.Release|x86.ActiveCfg = Release|Any CPU
	EndGlobalSection
	GlobalSection(SolutionProperties) = preSolution
		HideSolutionNode = FALSE
	EndGlobalSection
EndGlobal
